// !$*UTF8*$!
{
	archiveVersion = 1;
	classes = {
	};
	objectVersion = 46;
	objects = {

/* Begin PBXBuildFile section */
		468603425011D3C043B3F2AB /* Pods_JKAppDemo.framework in Frameworks */ = {isa = PBXBuildFile; fileRef = 7FF2E7AAD0C5D95D5CDB4D0C /* Pods_JKAppDemo.framework */; };
		4FC6F2761DAC9B8700A2AF31 /* Main.storyboard in Resources */ = {isa = PBXBuildFile; fileRef = 4FC6F2741DAC9B8700A2AF31 /* Main.storyboard */; };
		4FC6F2781DAC9B8700A2AF31 /* Assets.xcassets in Resources */ = {isa = PBXBuildFile; fileRef = 4FC6F2771DAC9B8700A2AF31 /* Assets.xcassets */; };
		4FC6F27B1DAC9B8700A2AF31 /* LaunchScreen.storyboard in Resources */ = {isa = PBXBuildFile; fileRef = 4FC6F2791DAC9B8700A2AF31 /* LaunchScreen.storyboard */; };
		4FC6F2831DACC1F200A2AF31 /* list.json in Resources */ = {isa = PBXBuildFile; fileRef = 4FC6F2821DACC1F200A2AF31 /* list.json */; };
		4FCC62D21DACF98700B43EE3 /* JKFeedPictureModel.swift in Sources */ = {isa = PBXBuildFile; fileRef = 4FCC62D11DACF98700B43EE3 /* JKFeedPictureModel.swift */; };
		4FCC62D51DACFEED00B43EE3 /* JKFeedCellNode.swift in Sources */ = {isa = PBXBuildFile; fileRef = 4FCC62D41DACFEED00B43EE3 /* JKFeedCellNode.swift */; };
		4FCC62D71DAD043900B43EE3 /* JKTopicModel.swift in Sources */ = {isa = PBXBuildFile; fileRef = 4FCC62D61DAD043900B43EE3 /* JKTopicModel.swift */; };
		4FCC62DC1DAD463700B43EE3 /* JKTextStyle.swift in Sources */ = {isa = PBXBuildFile; fileRef = 4FCC62DB1DAD463700B43EE3 /* JKTextStyle.swift */; };
		4FCD0AF81DACCCE80093DE0E /* AppDelegate.swift in Sources */ = {isa = PBXBuildFile; fileRef = 4FCD0AF51DACCCE80093DE0E /* AppDelegate.swift */; };
		4FCD0AF91DACCCE80093DE0E /* CommonTools.swift in Sources */ = {isa = PBXBuildFile; fileRef = 4FCD0AF61DACCCE80093DE0E /* CommonTools.swift */; };
		4FCD0AFA1DACCCE80093DE0E /* ViewController.swift in Sources */ = {isa = PBXBuildFile; fileRef = 4FCD0AF71DACCCE80093DE0E /* ViewController.swift */; };
		4FCD0AFD1DACD01C0093DE0E /* JKFeedModel.swift in Sources */ = {isa = PBXBuildFile; fileRef = 4FCD0AFC1DACD01C0093DE0E /* JKFeedModel.swift */; };
/* End PBXBuildFile section */

/* Begin PBXFileReference section */
		3A2D136EDDEE1D215C43373E /* Pods-JKAppDemo.release.xcconfig */ = {isa = PBXFileReference; includeInIndex = 1; lastKnownFileType = text.xcconfig; name = "Pods-JKAppDemo.release.xcconfig"; path = "Pods/Target Support Files/Pods-JKAppDemo/Pods-JKAppDemo.release.xcconfig"; sourceTree = "<group>"; };
		4FC6F26D1DAC9B8700A2AF31 /* JKAppDemo.app */ = {isa = PBXFileReference; explicitFileType = wrapper.application; includeInIndex = 0; path = JKAppDemo.app; sourceTree = BUILT_PRODUCTS_DIR; };
		4FC6F2751DAC9B8700A2AF31 /* Base */ = {isa = PBXFileReference; lastKnownFileType = file.storyboard; name = Base; path = Base.lproj/Main.storyboard; sourceTree = "<group>"; };
		4FC6F2771DAC9B8700A2AF31 /* Assets.xcassets */ = {isa = PBXFileReference; lastKnownFileType = folder.assetcatalog; path = Assets.xcassets; sourceTree = "<group>"; };
		4FC6F27A1DAC9B8700A2AF31 /* Base */ = {isa = PBXFileReference; lastKnownFileType = file.storyboard; name = Base; path = Base.lproj/LaunchScreen.storyboard; sourceTree = "<group>"; };
		4FC6F27C1DAC9B8700A2AF31 /* Info.plist */ = {isa = PBXFileReference; lastKnownFileType = text.plist.xml; path = Info.plist; sourceTree = "<group>"; };
		4FC6F2821DACC1F200A2AF31 /* list.json */ = {isa = PBXFileReference; fileEncoding = 4; lastKnownFileType = text.json; path = list.json; sourceTree = "<group>"; };
		4FCC62D11DACF98700B43EE3 /* JKFeedPictureModel.swift */ = {isa = PBXFileReference; fileEncoding = 4; lastKnownFileType = sourcecode.swift; path = JKFeedPictureModel.swift; sourceTree = "<group>"; };
		4FCC62D41DACFEED00B43EE3 /* JKFeedCellNode.swift */ = {isa = PBXFileReference; fileEncoding = 4; lastKnownFileType = sourcecode.swift; path = JKFeedCellNode.swift; sourceTree = "<group>"; };
		4FCC62D61DAD043900B43EE3 /* JKTopicModel.swift */ = {isa = PBXFileReference; fileEncoding = 4; lastKnownFileType = sourcecode.swift; path = JKTopicModel.swift; sourceTree = "<group>"; };
		4FCC62DB1DAD463700B43EE3 /* JKTextStyle.swift */ = {isa = PBXFileReference; fileEncoding = 4; lastKnownFileType = sourcecode.swift; path = JKTextStyle.swift; sourceTree = "<group>"; };
		4FCD0AF51DACCCE80093DE0E /* AppDelegate.swift */ = {isa = PBXFileReference; fileEncoding = 4; lastKnownFileType = sourcecode.swift; path = AppDelegate.swift; sourceTree = "<group>"; };
		4FCD0AF61DACCCE80093DE0E /* CommonTools.swift */ = {isa = PBXFileReference; fileEncoding = 4; lastKnownFileType = sourcecode.swift; path = CommonTools.swift; sourceTree = "<group>"; };
		4FCD0AF71DACCCE80093DE0E /* ViewController.swift */ = {isa = PBXFileReference; fileEncoding = 4; lastKnownFileType = sourcecode.swift; path = ViewController.swift; sourceTree = "<group>"; };
		4FCD0AFC1DACD01C0093DE0E /* JKFeedModel.swift */ = {isa = PBXFileReference; fileEncoding = 4; lastKnownFileType = sourcecode.swift; path = JKFeedModel.swift; sourceTree = "<group>"; };
		7FF2E7AAD0C5D95D5CDB4D0C /* Pods_JKAppDemo.framework */ = {isa = PBXFileReference; explicitFileType = wrapper.framework; includeInIndex = 0; path = Pods_JKAppDemo.framework; sourceTree = BUILT_PRODUCTS_DIR; };
		B0078BFCB9849EB1CC526410 /* Pods-JKAppDemo.debug.xcconfig */ = {isa = PBXFileReference; includeInIndex = 1; lastKnownFileType = text.xcconfig; name = "Pods-JKAppDemo.debug.xcconfig"; path = "Pods/Target Support Files/Pods-JKAppDemo/Pods-JKAppDemo.debug.xcconfig"; sourceTree = "<group>"; };
/* End PBXFileReference section */

/* Begin PBXFrameworksBuildPhase section */
		4FC6F26A1DAC9B8700A2AF31 /* Frameworks */ = {
			isa = PBXFrameworksBuildPhase;
			buildActionMask = 2147483647;
			files = (
				468603425011D3C043B3F2AB /* Pods_JKAppDemo.framework in Frameworks */,
			);
			runOnlyForDeploymentPostprocessing = 0;
		};
/* End PBXFrameworksBuildPhase section */

/* Begin PBXGroup section */
		4FC6F2641DAC9B8700A2AF31 = {
			isa = PBXGroup;
			children = (
				4FC6F26F1DAC9B8700A2AF31 /* JKAppDemo */,
				4FC6F26E1DAC9B8700A2AF31 /* Products */,
				E68F21623B2FB63176B7052E /* Pods */,
				D310814D67B471F21B8586A5 /* Frameworks */,
			);
			sourceTree = "<group>";
		};
		4FC6F26E1DAC9B8700A2AF31 /* Products */ = {
			isa = PBXGroup;
			children = (
				4FC6F26D1DAC9B8700A2AF31 /* JKAppDemo.app */,
			);
			name = Products;
			sourceTree = "<group>";
		};
		4FC6F26F1DAC9B8700A2AF31 /* JKAppDemo */ = {
			isa = PBXGroup;
			children = (
				4FCD0AF41DACCCE80093DE0E /* Classes */,
				4FC6F2741DAC9B8700A2AF31 /* Main.storyboard */,
				4FC6F2771DAC9B8700A2AF31 /* Assets.xcassets */,
				4FC6F2791DAC9B8700A2AF31 /* LaunchScreen.storyboard */,
				4FC6F27C1DAC9B8700A2AF31 /* Info.plist */,
				4FC6F2821DACC1F200A2AF31 /* list.json */,
			);
			path = JKAppDemo;
			sourceTree = "<group>";
		};
		4FCC62D31DACFECD00B43EE3 /* View */ = {
			isa = PBXGroup;
			children = (
				4FCC62D41DACFEED00B43EE3 /* JKFeedCellNode.swift */,
			);
			path = View;
			sourceTree = "<group>";
		};
		4FCC62DA1DAD462600B43EE3 /* Tools */ = {
			isa = PBXGroup;
			children = (
				4FCC62DB1DAD463700B43EE3 /* JKTextStyle.swift */,
			);
			path = Tools;
			sourceTree = "<group>";
		};
		4FCD0AF41DACCCE80093DE0E /* Classes */ = {
			isa = PBXGroup;
			children = (
				4FCC62DA1DAD462600B43EE3 /* Tools */,
				4FCC62D31DACFECD00B43EE3 /* View */,
				4FCD0AFB1DACCCFD0093DE0E /* Model */,
				4FCD0AF51DACCCE80093DE0E /* AppDelegate.swift */,
				4FCD0AF61DACCCE80093DE0E /* CommonTools.swift */,
				4FCD0AF71DACCCE80093DE0E /* ViewController.swift */,
			);
			path = Classes;
			sourceTree = "<group>";
		};
		4FCD0AFB1DACCCFD0093DE0E /* Model */ = {
			isa = PBXGroup;
			children = (
				4FCD0AFC1DACD01C0093DE0E /* JKFeedModel.swift */,
				4FCC62D11DACF98700B43EE3 /* JKFeedPictureModel.swift */,
				4FCC62D61DAD043900B43EE3 /* JKTopicModel.swift */,
			);
			path = Model;
			sourceTree = "<group>";
		};
		D310814D67B471F21B8586A5 /* Frameworks */ = {
			isa = PBXGroup;
			children = (
				7FF2E7AAD0C5D95D5CDB4D0C /* Pods_JKAppDemo.framework */,
			);
			name = Frameworks;
			sourceTree = "<group>";
		};
		E68F21623B2FB63176B7052E /* Pods */ = {
			isa = PBXGroup;
			children = (
				B0078BFCB9849EB1CC526410 /* Pods-JKAppDemo.debug.xcconfig */,
				3A2D136EDDEE1D215C43373E /* Pods-JKAppDemo.release.xcconfig */,
			);
			name = Pods;
			sourceTree = "<group>";
		};
/* End PBXGroup section */

/* Begin PBXNativeTarget section */
		4FC6F26C1DAC9B8700A2AF31 /* JKAppDemo */ = {
			isa = PBXNativeTarget;
			buildConfigurationList = 4FC6F27F1DAC9B8700A2AF31 /* Build configuration list for PBXNativeTarget "JKAppDemo" */;
			buildPhases = (
				A5C6E358C10CE12832FC0259 /* [CP] Check Pods Manifest.lock */,
				4FC6F2691DAC9B8700A2AF31 /* Sources */,
				4FC6F26A1DAC9B8700A2AF31 /* Frameworks */,
				4FC6F26B1DAC9B8700A2AF31 /* Resources */,
				CFB904B8966DE2AEEB784A26 /* [CP] Embed Pods Frameworks */,
				E44130A5E45F12216C461933 /* [CP] Copy Pods Resources */,
			);
			buildRules = (
			);
			dependencies = (
			);
			name = JKAppDemo;
			productName = JKAppDemo;
			productReference = 4FC6F26D1DAC9B8700A2AF31 /* JKAppDemo.app */;
			productType = "com.apple.product-type.application";
		};
/* End PBXNativeTarget section */

/* Begin PBXProject section */
		4FC6F2651DAC9B8700A2AF31 /* Project object */ = {
			isa = PBXProject;
			attributes = {
				CLASSPREFIX = JK;
				LastSwiftUpdateCheck = 0800;
				LastUpgradeCheck = 0800;
				ORGANIZATIONNAME = EnjoySR;
				TargetAttributes = {
					4FC6F26C1DAC9B8700A2AF31 = {
						CreatedOnToolsVersion = 8.0;
						DevelopmentTeam = 8UF26TTV2Y;
						ProvisioningStyle = Automatic;
					};
				};
			};
			buildConfigurationList = 4FC6F2681DAC9B8700A2AF31 /* Build configuration list for PBXProject "JKAppDemo" */;
			compatibilityVersion = "Xcode 3.2";
			developmentRegion = English;
			hasScannedForEncodings = 0;
			knownRegions = (
				en,
				Base,
			);
			mainGroup = 4FC6F2641DAC9B8700A2AF31;
			productRefGroup = 4FC6F26E1DAC9B8700A2AF31 /* Products */;
			projectDirPath = "";
			projectRoot = "";
			targets = (
				4FC6F26C1DAC9B8700A2AF31 /* JKAppDemo */,
			);
		};
/* End PBXProject section */

/* Begin PBXResourcesBuildPhase section */
		4FC6F26B1DAC9B8700A2AF31 /* Resources */ = {
			isa = PBXResourcesBuildPhase;
			buildActionMask = 2147483647;
			files = (
				4FC6F27B1DAC9B8700A2AF31 /* LaunchScreen.storyboard in Resources */,
				4FC6F2831DACC1F200A2AF31 /* list.json in Resources */,
				4FC6F2781DAC9B8700A2AF31 /* Assets.xcassets in Resources */,
				4FC6F2761DAC9B8700A2AF31 /* Main.storyboard in Resources */,
			);
			runOnlyForDeploymentPostprocessing = 0;
		};
/* End PBXResourcesBuildPhase section */

/* Begin PBXShellScriptBuildPhase section */
		A5C6E358C10CE12832FC0259 /* [CP] Check Pods Manifest.lock */ = {
			isa = PBXShellScriptBuildPhase;
			buildActionMask = 2147483647;
			files = (
			);
			inputPaths = (
			);
			name = "[CP] Check Pods Manifest.lock";
			outputPaths = (
			);
			runOnlyForDeploymentPostprocessing = 0;
			shellPath = /bin/sh;
			shellScript = "diff \"${PODS_ROOT}/../Podfile.lock\" \"${PODS_ROOT}/Manifest.lock\" > /dev/null\nif [ $? != 0 ] ; then\n    # print error to STDERR\n    echo \"error: The sandbox is not in sync with the Podfile.lock. Run 'pod install' or update your CocoaPods installation.\" >&2\n    exit 1\nfi\n";
			showEnvVarsInLog = 0;
		};
		CFB904B8966DE2AEEB784A26 /* [CP] Embed Pods Frameworks */ = {
			isa = PBXShellScriptBuildPhase;
			buildActionMask = 2147483647;
			files = (
			);
			inputPaths = (
			);
			name = "[CP] Embed Pods Frameworks";
			outputPaths = (
			);
			runOnlyForDeploymentPostprocessing = 0;
			shellPath = /bin/sh;
			shellScript = "\"${SRCROOT}/Pods/Target Support Files/Pods-JKAppDemo/Pods-JKAppDemo-frameworks.sh\"\n";
			showEnvVarsInLog = 0;
		};
		E44130A5E45F12216C461933 /* [CP] Copy Pods Resources */ = {
			isa = PBXShellScriptBuildPhase;
			buildActionMask = 2147483647;
			files = (
			);
			inputPaths = (
			);
			name = "[CP] Copy Pods Resources";
			outputPaths = (
			);
			runOnlyForDeploymentPostprocessing = 0;
			shellPath = /bin/sh;
			shellScript = "\"${SRCROOT}/Pods/Target Support Files/Pods-JKAppDemo/Pods-JKAppDemo-resources.sh\"\n";
			showEnvVarsInLog = 0;
		};
/* End PBXShellScriptBuildPhase section */

/* Begin PBXSourcesBuildPhase section */
		4FC6F2691DAC9B8700A2AF31 /* Sources */ = {
			isa = PBXSourcesBuildPhase;
			buildActionMask = 2147483647;
			files = (
				4FCC62D51DACFEED00B43EE3 /* JKFeedCellNode.swift in Sources */,
				4FCC62D71DAD043900B43EE3 /* JKTopicModel.swift in Sources */,
				4FCD0AFA1DACCCE80093DE0E /* ViewController.swift in Sources */,
				4FCD0AF81DACCCE80093DE0E /* AppDelegate.swift in Sources */,
				4FCD0AFD1DACD01C0093DE0E /* JKFeedModel.swift in Sources */,
				4FCD0AF91DACCCE80093DE0E /* CommonTools.swift in Sources */,
				4FCC62D21DACF98700B43EE3 /* JKFeedPictureModel.swift in Sources */,
				4FCC62DC1DAD463700B43EE3 /* JKTextStyle.swift in Sources */,
			);
			runOnlyForDeploymentPostprocessing = 0;
		};
/* End PBXSourcesBuildPhase section */

/* Begin PBXVariantGroup section */
		4FC6F2741DAC9B8700A2AF31 /* Main.storyboard */ = {
			isa = PBXVariantGroup;
			children = (
				4FC6F2751DAC9B8700A2AF31 /* Base */,
			);
			name = Main.storyboard;
			sourceTree = "<group>";
		};
		4FC6F2791DAC9B8700A2AF31 /* LaunchScreen.storyboard */ = {
			isa = PBXVariantGroup;
			children = (
				4FC6F27A1DAC9B8700A2AF31 /* Base */,
			);
			name = LaunchScreen.storyboard;
			sourceTree = "<group>";
		};
/* End PBXVariantGroup section */

/* Begin XCBuildConfiguration section */
		4FC6F27D1DAC9B8700A2AF31 /* Debug */ = {
			isa = XCBuildConfiguration;
			buildSettings = {
				ALWAYS_SEARCH_USER_PATHS = NO;
				CLANG_ANALYZER_NONNULL = YES;
				CLANG_CXX_LANGUAGE_STANDARD = "gnu++0x";
				CLANG_CXX_LIBRARY = "libc++";
				CLANG_ENABLE_MODULES = YES;
				CLANG_ENABLE_OBJC_ARC = YES;
				CLANG_WARN_BOOL_CONVERSION = YES;
				CLANG_WARN_CONSTANT_CONVERSION = YES;
				CLANG_WARN_DIRECT_OBJC_ISA_USAGE = YES_ERROR;
				CLANG_WARN_DOCUMENTATION_COMMENTS = YES;
				CLANG_WARN_EMPTY_BODY = YES;
				CLANG_WARN_ENUM_CONVERSION = YES;
				CLANG_WARN_INFINITE_RECURSION = YES;
				CLANG_WARN_INT_CONVERSION = YES;
				CLANG_WARN_OBJC_ROOT_CLASS = YES_ERROR;
				CLANG_WARN_SUSPICIOUS_MOVE = YES;
				CLANG_WARN_SUSPICIOUS_MOVES = YES;
				CLANG_WARN_UNREACHABLE_CODE = YES;
				CLANG_WARN__DUPLICATE_METHOD_MATCH = YES;
				"CODE_SIGN_IDENTITY[sdk=iphoneos*]" = "iPhone Developer";
				COPY_PHASE_STRIP = NO;
				DEBUG_INFORMATION_FORMAT = dwarf;
				ENABLE_STRICT_OBJC_MSGSEND = YES;
				ENABLE_TESTABILITY = YES;
				GCC_C_LANGUAGE_STANDARD = gnu99;
				GCC_DYNAMIC_NO_PIC = NO;
				GCC_NO_COMMON_BLOCKS = YES;
				GCC_OPTIMIZATION_LEVEL = 0;
				GCC_PREPROCESSOR_DEFINITIONS = (
					"DEBUG=1",
					"$(inherited)",
				);
				GCC_WARN_64_TO_32_BIT_CONVERSION = YES;
				GCC_WARN_ABOUT_RETURN_TYPE = YES_ERROR;
				GCC_WARN_UNDECLARED_SELECTOR = YES;
				GCC_WARN_UNINITIALIZED_AUTOS = YES_AGGRESSIVE;
				GCC_WARN_UNUSED_FUNCTION = YES;
				GCC_WARN_UNUSED_VARIABLE = YES;
				IPHONEOS_DEPLOYMENT_TARGET = 10.0;
				MTL_ENABLE_DEBUG_INFO = YES;
				ONLY_ACTIVE_ARCH = YES;
				SDKROOT = iphoneos;
				SWIFT_ACTIVE_COMPILATION_CONDITIONS = DEBUG;
				SWIFT_OPTIMIZATION_LEVEL = "-Onone";
			};
			name = Debug;
		};
		4FC6F27E1DAC9B8700A2AF31 /* Release */ = {
			isa = XCBuildConfiguration;
			buildSettings = {
				ALWAYS_SEARCH_USER_PATHS = NO;
				CLANG_ANALYZER_NONNULL = YES;
				CLANG_CXX_LANGUAGE_STANDARD = "gnu++0x";
				CLANG_CXX_LIBRARY = "libc++";
				CLANG_ENABLE_MODULES = YES;
				CLANG_ENABLE_OBJC_ARC = YES;
				CLANG_WARN_BOOL_CONVERSION = YES;
				CLANG_WARN_CONSTANT_CONVERSION = YES;
				CLANG_WARN_DIRECT_OBJC_ISA_USAGE = YES_ERROR;
				CLANG_WARN_DOCUMENTATION_COMMENTS = YES;
				CLANG_WARN_EMPTY_BODY = YES;
				CLANG_WARN_ENUM_CONVERSION = YES;
				CLANG_WARN_INFINITE_RECURSION = YES;
				CLANG_WARN_INT_CONVERSION = YES;
				CLANG_WARN_OBJC_ROOT_CLASS = YES_ERROR;
				CLANG_WARN_SUSPICIOUS_MOVE = YES;
				CLANG_WARN_SUSPICIOUS_MOVES = YES;
				CLANG_WARN_UNREACHABLE_CODE = YES;
				CLANG_WARN__DUPLICATE_METHOD_MATCH = YES;
				"CODE_SIGN_IDENTITY[sdk=iphoneos*]" = "iPhone Developer";
				COPY_PHASE_STRIP = NO;
				DEBUG_INFORMATION_FORMAT = "dwarf-with-dsym";
				ENABLE_NS_ASSERTIONS = NO;
				ENABLE_STRICT_OBJC_MSGSEND = YES;
				GCC_C_LANGUAGE_STANDARD = gnu99;
				GCC_NO_COMMON_BLOCKS = YES;
				GCC_WARN_64_TO_32_BIT_CONVERSION = YES;
				GCC_WARN_ABOUT_RETURN_TYPE = YES_ERROR;
				GCC_WARN_UNDECLARED_SELECTOR = YES;
				GCC_WARN_UNINITIALIZED_AUTOS = YES_AGGRESSIVE;
				GCC_WARN_UNUSED_FUNCTION = YES;
				GCC_WARN_UNUSED_VARIABLE = YES;
				IPHONEOS_DEPLOYMENT_TARGET = 10.0;
				MTL_ENABLE_DEBUG_INFO = NO;
				SDKROOT = iphoneos;
				SWIFT_OPTIMIZATION_LEVEL = "-Owholemodule";
				VALIDATE_PRODUCT = YES;
			};
			name = Release;
		};
		4FC6F2801DAC9B8700A2AF31 /* Debug */ = {
			isa = XCBuildConfiguration;
			baseConfigurationReference = B0078BFCB9849EB1CC526410 /* Pods-JKAppDemo.debug.xcconfig */;
			buildSettings = {
				ALWAYS_EMBED_SWIFT_STANDARD_LIBRARIES = YES;
				ASSETCATALOG_COMPILER_APPICON_NAME = AppIcon;
				DEVELOPMENT_TEAM = 8UF26TTV2Y;
				INFOPLIST_FILE = JKAppDemo/Info.plist;
				IPHONEOS_DEPLOYMENT_TARGET = 9.0;
				LD_RUNPATH_SEARCH_PATHS = "$(inherited) @executable_path/Frameworks";
				PRODUCT_BUNDLE_IDENTIFIER = EnjoySR.JKAppDemo;
				PRODUCT_NAME = "$(TARGET_NAME)";
				SWIFT_VERSION = 3.0;
			};
			name = Debug;
		};
		4FC6F2811DAC9B8700A2AF31 /* Release */ = {
			isa = XCBuildConfiguration;
			baseConfigurationReference = 3A2D136EDDEE1D215C43373E /* Pods-JKAppDemo.release.xcconfig */;
			buildSettings = {
				ALWAYS_EMBED_SWIFT_STANDARD_LIBRARIES = YES;
				ASSETCATALOG_COMPILER_APPICON_NAME = AppIcon;
				DEVELOPMENT_TEAM = 8UF26TTV2Y;
				INFOPLIST_FILE = JKAppDemo/Info.plist;
				IPHONEOS_DEPLOYMENT_TARGET = 9.0;
				LD_RUNPATH_SEARCH_PATHS = "$(inherited) @executable_path/Frameworks";
				PRODUCT_BUNDLE_IDENTIFIER = EnjoySR.JKAppDemo;
				PRODUCT_NAME = "$(TARGET_NAME)";
				SWIFT_VERSION = 3.0;
			};
			name = Release;
		};
/* End XCBuildConfiguration section */

/* Begin XCConfigurationList section */
		4FC6F2681DAC9B8700A2AF31 /* Build configuration list for PBXProject "JKAppDemo" */ = {
			isa = XCConfigurationList;
			buildConfigurations = (
				4FC6F27D1DAC9B8700A2AF31 /* Debug */,
				4FC6F27E1DAC9B8700A2AF31 /* Release */,
			);
			defaultConfigurationIsVisible = 0;
			defaultConfigurationName = Release;
		};
		4FC6F27F1DAC9B8700A2AF31 /* Build configuration list for PBXNativeTarget "JKAppDemo" */ = {
			isa = XCConfigurationList;
			buildConfigurations = (
				4FC6F2801DAC9B8700A2AF31 /* Debug */,
				4FC6F2811DAC9B8700A2AF31 /* Release */,
			);
			defaultConfigurationIsVisible = 0;
			defaultConfigurationName = Release;
		};
/* End XCConfigurationList section */
	};
	rootObject = 4FC6F2651DAC9B8700A2AF31 /* Project object */;
}
